
Microsoft Visual Studio Solution File, Format Version 12.00
# Visual Studio 15
VisualStudioVersion = 15.0.28307.1022
MinimumVisualStudioVersion = 10.0.40219.1
Project("{FAE04EC0-301F-11D3-BF4B-00C04F79EFBC}") = "z1", "ConsoleApp1\z1.csproj", "{9B355276-348A-4B9E-BFFE-9DA0E5634849}"
EndProject
Project("{FAE04EC0-301F-11D3-BF4B-00C04F79EFBC}") = "z2", "z2\z2.csproj", "{DCA3E0D4-BCFA-4262-A750-9328A0B4FF46}"
EndProject
Project("{FAE04EC0-301F-11D3-BF4B-00C04F79EFBC}") = "z3", "z3\z3.csproj", "{6AD757B1-B407-4DD2-B907-B3FE1AF0AA8A}"
EndProject
Project("{FAE04EC0-301F-11D3-BF4B-00C04F79EFBC}") = "z4", "z4\z4.csproj", "{35D36B92-CF2C-4B1B-9642-1D4D6E719516}"
EndProject
Global
	GlobalSection(SolutionConfigurationPlatforms) = preSolution
		Debug|Any CPU = Debug|Any CPU
		Release|Any CPU = Release|Any CPU
	EndGlobalSection
	GlobalSection(ProjectConfigurationPlatforms) = postSolution
		{9B355276-348A-4B9E-BFFE-9DA0E5634849}.Debug|Any CPU.ActiveCfg = Debug|Any CPU
		{9B355276-348A-4B9E-BFFE-9DA0E5634849}.Debug|Any CPU.Build.0 = Debug|Any CPU
		{9B355276-348A-4B9E-BFFE-9DA0E5634849}.Release|Any CPU.ActiveCfg = Release|Any CPU
		{9B355276-348A-4B9E-BFFE-9DA0E5634849}.Release|Any CPU.Build.0 = Release|Any CPU
		{DCA3E0D4-BCFA-4262-A750-9328A0B4FF46}.Debug|Any CPU.ActiveCfg = Debug|Any CPU
		{DCA3E0D4-BCFA-4262-A750-9328A0B4FF46}.Debug|Any CPU.Build.0 = Debug|Any CPU
		{DCA3E0D4-BCFA-4262-A750-9328A0B4FF46}.Release|Any CPU.ActiveCfg = Release|Any CPU
		{DCA3E0D4-BCFA-4262-A750-9328A0B4FF46}.Release|Any CPU.Build.0 = Release|Any CPU
		{6AD757B1-B407-4DD2-B907-B3FE1AF0AA8A}.Debug|Any CPU.ActiveCfg = Debug|Any CPU
		{6AD757B1-B407-4DD2-B907-B3FE1AF0AA8A}.Debug|Any CPU.Build.0 = Debug|Any CPU
		{6AD757B1-B407-4DD2-B907-B3FE1AF0AA8A}.Release|Any CPU.ActiveCfg = Release|Any CPU
		{6AD757B1-B407-4DD2-B907-B3FE1AF0AA8A}.Release|Any CPU.Build.0 = Release|Any CPU
		{35D36B92-CF2C-4B1B-9642-1D4D6E719516}.Debug|Any CPU.ActiveCfg = Debug|Any CPU
		{35D36B92-CF2C-4B1B-9642-1D4D6E719516}.Debug|Any CPU.Build.0 = Debug|Any CPU
		{35D36B92-CF2C-4B1B-9642-1D4D6E719516}.Release|Any CPU.ActiveCfg = Release|Any CPU
		{35D36B92-CF2C-4B1B-9642-1D4D6E719516}.Release|Any CPU.Build.0 = Release|Any CPU
	EndGlobalSection
	GlobalSection(SolutionProperties) = preSolution
		HideSolutionNode = FALSE
	EndGlobalSection
	GlobalSection(ExtensibilityGlobals) = postSolution
		SolutionGuid = {4C7164C5-250A-454C-A92A-7B206EF51046}
	EndGlobalSection
EndGlobal
