
Microsoft Visual Studio Solution File, Format Version 12.00
Project("{FAE04EC0-301F-11D3-BF4B-00C04F79EFBC}") = "Task5", "Task5\Task5.csproj", "{028D8286-5A98-439A-AF85-07148545AA42}"
EndProject
Global
	GlobalSection(SolutionConfigurationPlatforms) = preSolution
		Debug|Any CPU = Debug|Any CPU
		Release|Any CPU = Release|Any CPU
	EndGlobalSection
	GlobalSection(ProjectConfigurationPlatforms) = postSolution
		{028D8286-5A98-439A-AF85-07148545AA42}.Debug|Any CPU.ActiveCfg = Debug|Any CPU
		{028D8286-5A98-439A-AF85-07148545AA42}.Debug|Any CPU.Build.0 = Debug|Any CPU
		{028D8286-5A98-439A-AF85-07148545AA42}.Release|Any CPU.ActiveCfg = Release|Any CPU
		{028D8286-5A98-439A-AF85-07148545AA42}.Release|Any CPU.Build.0 = Release|Any CPU
	EndGlobalSection
EndGlobal
