
Microsoft Visual Studio Solution File, Format Version 12.00
# Visual Studio 15
VisualStudioVersion = 15.0.28307.1022
MinimumVisualStudioVersion = 10.0.40219.1
Project("{FAE04EC0-301F-11D3-BF4B-00C04F79EFBC}") = "z1", "lab6\z1.csproj", "{9AD71385-D536-489A-8981-551538A13152}"
EndProject
Project("{FAE04EC0-301F-11D3-BF4B-00C04F79EFBC}") = "z2", "z2\z2.csproj", "{4E154C98-A065-4521-8012-FCE435CDA5A0}"
EndProject
Project("{FAE04EC0-301F-11D3-BF4B-00C04F79EFBC}") = "z3", "z3\z3.csproj", "{289F5A26-29D5-4DA7-A4A0-CBDC0A68DF70}"
EndProject
Global
	GlobalSection(SolutionConfigurationPlatforms) = preSolution
		Debug|Any CPU = Debug|Any CPU
		Release|Any CPU = Release|Any CPU
	EndGlobalSection
	GlobalSection(ProjectConfigurationPlatforms) = postSolution
		{9AD71385-D536-489A-8981-551538A13152}.Debug|Any CPU.ActiveCfg = Debug|Any CPU
		{9AD71385-D536-489A-8981-551538A13152}.Debug|Any CPU.Build.0 = Debug|Any CPU
		{9AD71385-D536-489A-8981-551538A13152}.Release|Any CPU.ActiveCfg = Release|Any CPU
		{9AD71385-D536-489A-8981-551538A13152}.Release|Any CPU.Build.0 = Release|Any CPU
		{4E154C98-A065-4521-8012-FCE435CDA5A0}.Debug|Any CPU.ActiveCfg = Debug|Any CPU
		{4E154C98-A065-4521-8012-FCE435CDA5A0}.Debug|Any CPU.Build.0 = Debug|Any CPU
		{4E154C98-A065-4521-8012-FCE435CDA5A0}.Release|Any CPU.ActiveCfg = Release|Any CPU
		{4E154C98-A065-4521-8012-FCE435CDA5A0}.Release|Any CPU.Build.0 = Release|Any CPU
		{289F5A26-29D5-4DA7-A4A0-CBDC0A68DF70}.Debug|Any CPU.ActiveCfg = Debug|Any CPU
		{289F5A26-29D5-4DA7-A4A0-CBDC0A68DF70}.Debug|Any CPU.Build.0 = Debug|Any CPU
		{289F5A26-29D5-4DA7-A4A0-CBDC0A68DF70}.Release|Any CPU.ActiveCfg = Release|Any CPU
		{289F5A26-29D5-4DA7-A4A0-CBDC0A68DF70}.Release|Any CPU.Build.0 = Release|Any CPU
	EndGlobalSection
	GlobalSection(SolutionProperties) = preSolution
		HideSolutionNode = FALSE
	EndGlobalSection
	GlobalSection(ExtensibilityGlobals) = postSolution
		SolutionGuid = {1B09B54B-7F72-4E39-BFFB-DFE2A0992D61}
	EndGlobalSection
EndGlobal
