
Microsoft Visual Studio Solution File, Format Version 12.00
# Visual Studio 15
VisualStudioVersion = 15.0.28307.1022
MinimumVisualStudioVersion = 10.0.40219.1
Project("{FAE04EC0-301F-11D3-BF4B-00C04F79EFBC}") = "example", "lab7\example.csproj", "{025D9076-B9CD-4F19-ABC9-BDBD25439B14}"
EndProject
Project("{FAE04EC0-301F-11D3-BF4B-00C04F79EFBC}") = "z1", "z1\z1.csproj", "{7D4AC96A-F7BE-4B34-902D-5BCCEF7FCD30}"
EndProject
Project("{FAE04EC0-301F-11D3-BF4B-00C04F79EFBC}") = "z2", "z2\z2.csproj", "{F2BCF92D-6270-4DD6-AB3E-149A2DCDD32C}"
EndProject
Project("{FAE04EC0-301F-11D3-BF4B-00C04F79EFBC}") = "z4", "z4\z4.csproj", "{71ECE107-C74C-4B29-911A-420B11381E69}"
EndProject
Project("{FAE04EC0-301F-11D3-BF4B-00C04F79EFBC}") = "z3", "z3\z3.csproj", "{507340D2-4D89-41ED-ADE7-5F4DC166D7C0}"
EndProject
Project("{FAE04EC0-301F-11D3-BF4B-00C04F79EFBC}") = "z5", "z5\z5.csproj", "{63175824-A12D-49E3-9E09-3111F43F911C}"
EndProject
Global
	GlobalSection(SolutionConfigurationPlatforms) = preSolution
		Debug|Any CPU = Debug|Any CPU
		Release|Any CPU = Release|Any CPU
	EndGlobalSection
	GlobalSection(ProjectConfigurationPlatforms) = postSolution
		{025D9076-B9CD-4F19-ABC9-BDBD25439B14}.Debug|Any CPU.ActiveCfg = Debug|Any CPU
		{025D9076-B9CD-4F19-ABC9-BDBD25439B14}.Debug|Any CPU.Build.0 = Debug|Any CPU
		{025D9076-B9CD-4F19-ABC9-BDBD25439B14}.Release|Any CPU.ActiveCfg = Release|Any CPU
		{025D9076-B9CD-4F19-ABC9-BDBD25439B14}.Release|Any CPU.Build.0 = Release|Any CPU
		{7D4AC96A-F7BE-4B34-902D-5BCCEF7FCD30}.Debug|Any CPU.ActiveCfg = Debug|Any CPU
		{7D4AC96A-F7BE-4B34-902D-5BCCEF7FCD30}.Debug|Any CPU.Build.0 = Debug|Any CPU
		{7D4AC96A-F7BE-4B34-902D-5BCCEF7FCD30}.Release|Any CPU.ActiveCfg = Release|Any CPU
		{7D4AC96A-F7BE-4B34-902D-5BCCEF7FCD30}.Release|Any CPU.Build.0 = Release|Any CPU
		{F2BCF92D-6270-4DD6-AB3E-149A2DCDD32C}.Debug|Any CPU.ActiveCfg = Debug|Any CPU
		{F2BCF92D-6270-4DD6-AB3E-149A2DCDD32C}.Debug|Any CPU.Build.0 = Debug|Any CPU
		{F2BCF92D-6270-4DD6-AB3E-149A2DCDD32C}.Release|Any CPU.ActiveCfg = Release|Any CPU
		{F2BCF92D-6270-4DD6-AB3E-149A2DCDD32C}.Release|Any CPU.Build.0 = Release|Any CPU
		{71ECE107-C74C-4B29-911A-420B11381E69}.Debug|Any CPU.ActiveCfg = Debug|Any CPU
		{71ECE107-C74C-4B29-911A-420B11381E69}.Debug|Any CPU.Build.0 = Debug|Any CPU
		{71ECE107-C74C-4B29-911A-420B11381E69}.Release|Any CPU.ActiveCfg = Release|Any CPU
		{71ECE107-C74C-4B29-911A-420B11381E69}.Release|Any CPU.Build.0 = Release|Any CPU
		{507340D2-4D89-41ED-ADE7-5F4DC166D7C0}.Debug|Any CPU.ActiveCfg = Debug|Any CPU
		{507340D2-4D89-41ED-ADE7-5F4DC166D7C0}.Debug|Any CPU.Build.0 = Debug|Any CPU
		{507340D2-4D89-41ED-ADE7-5F4DC166D7C0}.Release|Any CPU.ActiveCfg = Release|Any CPU
		{507340D2-4D89-41ED-ADE7-5F4DC166D7C0}.Release|Any CPU.Build.0 = Release|Any CPU
		{63175824-A12D-49E3-9E09-3111F43F911C}.Debug|Any CPU.ActiveCfg = Debug|Any CPU
		{63175824-A12D-49E3-9E09-3111F43F911C}.Debug|Any CPU.Build.0 = Debug|Any CPU
		{63175824-A12D-49E3-9E09-3111F43F911C}.Release|Any CPU.ActiveCfg = Release|Any CPU
		{63175824-A12D-49E3-9E09-3111F43F911C}.Release|Any CPU.Build.0 = Release|Any CPU
	EndGlobalSection
	GlobalSection(SolutionProperties) = preSolution
		HideSolutionNode = FALSE
	EndGlobalSection
	GlobalSection(ExtensibilityGlobals) = postSolution
		SolutionGuid = {2F5524C9-CC72-41A1-A972-B296DD94E829}
	EndGlobalSection
EndGlobal
